
Microsoft Visual Studio Solution File, Format Version 12.00
# Visual Studio Version 16
VisualStudioVersion = 16.0.34301.259
MinimumVisualStudioVersion = 10.0.40219.1
Project("{F184B08F-C81C-45F6-A57F-5ABD9991F28F}") = "Sistema de Controle Oxycoat Tintas Especiais", "Sistema de Controle Oxycoat Tintas Especiais.vbproj", "{8335CE6C-CA1C-482B-9C25-305BB6743C28}"
EndProject
Global
	GlobalSection(SolutionConfigurationPlatforms) = preSolution
		Debug|Any CPU = Debug|Any CPU
		Release|Any CPU = Release|Any CPU
	EndGlobalSection
	GlobalSection(ProjectConfigurationPlatforms) = postSolution
		{8335CE6C-CA1C-482B-9C25-305BB6743C28}.Debug|Any CPU.ActiveCfg = Debug|Any CPU
		{8335CE6C-CA1C-482B-9C25-305BB6743C28}.Debug|Any CPU.Build.0 = Debug|Any CPU
		{8335CE6C-CA1C-482B-9C25-305BB6743C28}.Release|Any CPU.ActiveCfg = Release|Any CPU
		{8335CE6C-CA1C-482B-9C25-305BB6743C28}.Release|Any CPU.Build.0 = Release|Any CPU
	EndGlobalSection
	GlobalSection(SolutionProperties) = preSolution
		HideSolutionNode = FALSE
	EndGlobalSection
	GlobalSection(ExtensibilityGlobals) = postSolution
		SolutionGuid = {ED855B8D-52E4-4902-B3E3-BB6A2840B8E0}
	EndGlobalSection
EndGlobal
